
Microsoft Visual Studio Solution File, Format Version 12.00
# Visual Studio Version 16
VisualStudioVersion = 16.0.29521.150
MinimumVisualStudioVersion = 10.0.40219.1
Project("{9A19103F-16F7-4668-BE54-9A1E7A4F7556}") = "SignalRExample.API", "SignalRExample.API\SignalRExample.API.csproj", "{DD948736-63A9-4407-B31A-81668B01902B}"
EndProject
Global
	GlobalSection(SolutionConfigurationPlatforms) = preSolution
		Debug|Any CPU = Debug|Any CPU
		Release|Any CPU = Release|Any CPU
	EndGlobalSection
	GlobalSection(ProjectConfigurationPlatforms) = postSolution
		{DD948736-63A9-4407-B31A-81668B01902B}.Debug|Any CPU.ActiveCfg = Debug|Any CPU
		{DD948736-63A9-4407-B31A-81668B01902B}.Debug|Any CPU.Build.0 = Debug|Any CPU
		{DD948736-63A9-4407-B31A-81668B01902B}.Release|Any CPU.ActiveCfg = Release|Any CPU
		{DD948736-63A9-4407-B31A-81668B01902B}.Release|Any CPU.Build.0 = Release|Any CPU
	EndGlobalSection
	GlobalSection(SolutionProperties) = preSolution
		HideSolutionNode = FALSE
	EndGlobalSection
	GlobalSection(ExtensibilityGlobals) = postSolution
		SolutionGuid = {CFEBAE98-FBCA-4B62-A376-FC9E245BD86B}
	EndGlobalSection
EndGlobal
